{
    "version": 4,
    "terraform_version": "1.4.6",
    "serial": 193,
    "lineage": "42f15bec-f1b7-5d6b-90cc-f1e6989da4ae",
    "outputs": {
      "IpDuLoadbalancer": {
        "value": "51.103.21.246",
        "type": "string"
      },
      "IpPrivee1ereVM": {
        "value": "10.0.2.5",
        "type": "string"
      },
      "IpPrivee2emeVM": {
        "value": "10.0.2.4",
        "type": "string"
      },
      "Location": {
        "value": "francecentral",
        "type": "string"
      },
      "NomduGroupeDeRessource": {
        "value": "cedricbrief12",
        "type": "string"
      },
      "PremiereVm": {
        "value": "acctvm0",
        "type": "string"
      },
      "SecondeVm": {
        "value": "acctvm1",
        "type": "string"
      }
    },
    "resources": [
      {
        "mode": "managed",
        "type": "azurerm_availability_set",
        "name": "avset",
        "provider": "provider[\"registry.terraform.io/hashicorp/azurerm\"]",
        "instances": [
          {
            "schema_version": 0,
            "attributes": {
              "id": "/subscriptions/393e3de3-0900-4b72-8f1b-fb3b1d6b97f1/resourceGroups/cedricbrief12/providers/Microsoft.Compute/availabilitySets/avset",
              "location": "francecentral",
              "managed": true,
              "name": "avset",
              "platform_fault_domain_count": 2,
              "platform_update_domain_count": 2,
              "proximity_placement_group_id": null,
              "resource_group_name": "cedricbrief12",
              "tags": null,
              "timeouts": null
            },
            "sensitive_attributes": [],
            "private": "eyJlMmJmYjczMC1lY2FhLTExZTYtOGY4OC0zNDM2M2JjN2M0YzAiOnsiY3JlYXRlIjoxODAwMDAwMDAwMDAwLCJkZWxldGUiOjE4MDAwMDAwMDAwMDAsInJlYWQiOjMwMDAwMDAwMDAwMCwidXBkYXRlIjoxODAwMDAwMDAwMDAwfX0=",
            "dependencies": [
              "azurerm_resource_group.test"
            ]
          }
        ]
      },
      {
        "mode": "managed",
        "type": "azurerm_lb",
        "name": "test",
        "provider": "provider[\"registry.terraform.io/hashicorp/azurerm\"]",
        "instances": [
          {
            "schema_version": 0,
            "attributes": {
              "frontend_ip_configuration": [
                {
                  "availability_zone": "No-Zone",
                  "gateway_load_balancer_frontend_ip_configuration_id": "",
                  "id": "/subscriptions/393e3de3-0900-4b72-8f1b-fb3b1d6b97f1/resourceGroups/cedricbrief12/providers/Microsoft.Network/loadBalancers/loadBalancer/frontendIPConfigurations/publicIPAddress",
                  "inbound_nat_rules": [],
                  "load_balancer_rules": [],
                  "name": "publicIPAddress",
                  "outbound_rules": [],
                  "private_ip_address": "",
                  "private_ip_address_allocation": "Dynamic",
                  "private_ip_address_version": "",
                  "public_ip_address_id": "/subscriptions/393e3de3-0900-4b72-8f1b-fb3b1d6b97f1/resourceGroups/cedricbrief12/providers/Microsoft.Network/publicIPAddresses/publicIPForLB",
                  "public_ip_prefix_id": "",
                  "subnet_id": "",
                  "zones": []
                }
              ],
              "id": "/subscriptions/393e3de3-0900-4b72-8f1b-fb3b1d6b97f1/resourceGroups/cedricbrief12/providers/Microsoft.Network/loadBalancers/loadBalancer",
              "location": "francecentral",
              "name": "loadBalancer",
              "private_ip_address": "",
              "private_ip_addresses": [],
              "resource_group_name": "cedricbrief12",
              "sku": "Basic",
              "sku_tier": "Regional",
              "tags": null,
              "timeouts": null
            },
            "sensitive_attributes": [],
            "private": "eyJlMmJmYjczMC1lY2FhLTExZTYtOGY4OC0zNDM2M2JjN2M0YzAiOnsiY3JlYXRlIjoxODAwMDAwMDAwMDAwLCJkZWxldGUiOjE4MDAwMDAwMDAwMDAsInJlYWQiOjMwMDAwMDAwMDAwMCwidXBkYXRlIjoxODAwMDAwMDAwMDAwfX0=",
            "dependencies": [
              "azurerm_public_ip.test",
              "azurerm_resource_group.test"
            ]
          }
        ]
      },
      {
        "mode": "managed",
        "type": "azurerm_lb_backend_address_pool",
        "name": "test",
        "provider": "provider[\"registry.terraform.io/hashicorp/azurerm\"]",
        "instances": [
          {
            "schema_version": 0,
            "attributes": {
              "backend_address": [],
              "backend_ip_configurations": [],
              "id": "/subscriptions/393e3de3-0900-4b72-8f1b-fb3b1d6b97f1/resourceGroups/cedricbrief12/providers/Microsoft.Network/loadBalancers/loadBalancer/backendAddressPools/BackEndAddressPool",
              "load_balancing_rules": [],
              "loadbalancer_id": "/subscriptions/393e3de3-0900-4b72-8f1b-fb3b1d6b97f1/resourceGroups/cedricbrief12/providers/Microsoft.Network/loadBalancers/loadBalancer",
              "name": "BackEndAddressPool",
              "outbound_rules": [],
              "resource_group_name": "cedricbrief12",
              "timeouts": null,
              "tunnel_interface": []
            },
            "sensitive_attributes": [],
            "private": "eyJlMmJmYjczMC1lY2FhLTExZTYtOGY4OC0zNDM2M2JjN2M0YzAiOnsiY3JlYXRlIjoxODAwMDAwMDAwMDAwLCJkZWxldGUiOjE4MDAwMDAwMDAwMDAsInJlYWQiOjMwMDAwMDAwMDAwMCwidXBkYXRlIjoxODAwMDAwMDAwMDAwfX0=",
            "dependencies": [
              "azurerm_lb.test",
              "azurerm_public_ip.test",
              "azurerm_resource_group.test"
            ]
          }
        ]
      },
      {
        "mode": "managed",
        "type": "azurerm_lb_probe",
        "name": "test",
        "provider": "provider[\"registry.terraform.io/hashicorp/azurerm\"]",
        "instances": [
          {
            "schema_version": 0,
            "attributes": {
              "id": "/subscriptions/393e3de3-0900-4b72-8f1b-fb3b1d6b97f1/resourceGroups/cedricbrief12/providers/Microsoft.Network/loadBalancers/loadBalancer/probes/ssh-inbound-probe",
              "interval_in_seconds": 15,
              "load_balancer_rules": [],
              "loadbalancer_id": "/subscriptions/393e3de3-0900-4b72-8f1b-fb3b1d6b97f1/resourceGroups/cedricbrief12/providers/Microsoft.Network/loadBalancers/loadBalancer",
              "name": "ssh-inbound-probe",
              "number_of_probes": 2,
              "port": 22,
              "protocol": "Tcp",
              "request_path": "",
              "resource_group_name": "cedricbrief12",
              "timeouts": null
            },
            "sensitive_attributes": [],
            "private": "eyJlMmJmYjczMC1lY2FhLTExZTYtOGY4OC0zNDM2M2JjN2M0YzAiOnsiY3JlYXRlIjoxODAwMDAwMDAwMDAwLCJkZWxldGUiOjE4MDAwMDAwMDAwMDAsInJlYWQiOjMwMDAwMDAwMDAwMCwidXBkYXRlIjoxODAwMDAwMDAwMDAwfX0=",
            "dependencies": [
              "azurerm_lb.test",
              "azurerm_public_ip.test",
              "azurerm_resource_group.test"
            ]
          }
        ]
      },
      {
        "mode": "managed",
        "type": "azurerm_lb_rule",
        "name": "test",
        "provider": "provider[\"registry.terraform.io/hashicorp/azurerm\"]",
        "instances": [
          {
            "schema_version": 0,
            "attributes": {
              "backend_address_pool_id": "/subscriptions/393e3de3-0900-4b72-8f1b-fb3b1d6b97f1/resourceGroups/cedricbrief12/providers/Microsoft.Network/loadBalancers/loadBalancer/backendAddressPools/BackEndAddressPool",
              "backend_address_pool_ids": [
                "/subscriptions/393e3de3-0900-4b72-8f1b-fb3b1d6b97f1/resourceGroups/cedricbrief12/providers/Microsoft.Network/loadBalancers/loadBalancer/backendAddressPools/BackEndAddressPool"
              ],
              "backend_port": 22,
              "disable_outbound_snat": false,
              "enable_floating_ip": false,
              "enable_tcp_reset": false,
              "frontend_ip_configuration_id": "/subscriptions/393e3de3-0900-4b72-8f1b-fb3b1d6b97f1/resourceGroups/cedricbrief12/providers/Microsoft.Network/loadBalancers/loadBalancer/frontendIPConfigurations/publicIPAddress",
              "frontend_ip_configuration_name": "publicIPAddress",
              "frontend_port": 22,
              "id": "/subscriptions/393e3de3-0900-4b72-8f1b-fb3b1d6b97f1/resourceGroups/cedricbrief12/providers/Microsoft.Network/loadBalancers/loadBalancer/loadBalancingRules/ssh-inbound-rule",
              "idle_timeout_in_minutes": 4,
              "load_distribution": "Default",
              "loadbalancer_id": "/subscriptions/393e3de3-0900-4b72-8f1b-fb3b1d6b97f1/resourceGroups/cedricbrief12/providers/Microsoft.Network/loadBalancers/loadBalancer",
              "name": "ssh-inbound-rule",
              "probe_id": "/subscriptions/393e3de3-0900-4b72-8f1b-fb3b1d6b97f1/resourceGroups/cedricbrief12/providers/Microsoft.Network/loadBalancers/loadBalancer/probes/ssh-inbound-probe",
              "protocol": "Tcp",
              "resource_group_name": "cedricbrief12",
              "timeouts": null
            },
            "sensitive_attributes": [],
            "private": "eyJlMmJmYjczMC1lY2FhLTExZTYtOGY4OC0zNDM2M2JjN2M0YzAiOnsiY3JlYXRlIjoxODAwMDAwMDAwMDAwLCJkZWxldGUiOjE4MDAwMDAwMDAwMDAsInJlYWQiOjMwMDAwMDAwMDAwMCwidXBkYXRlIjoxODAwMDAwMDAwMDAwfX0=",
            "dependencies": [
              "azurerm_lb.test",
              "azurerm_lb_backend_address_pool.test",
              "azurerm_lb_probe.test",
              "azurerm_public_ip.test",
              "azurerm_resource_group.test"
            ]
          }
        ]
      },
      {
        "mode": "managed",
        "type": "azurerm_managed_disk",
        "name": "test",
        "provider": "provider[\"registry.terraform.io/hashicorp/azurerm\"]",
        "instances": [
          {
            "index_key": 0,
            "schema_version": 0,
            "attributes": {
              "create_option": "Empty",
              "disk_access_id": "",
              "disk_encryption_set_id": "",
              "disk_iops_read_only": 0,
              "disk_iops_read_write": 500,
              "disk_mbps_read_only": 0,
              "disk_mbps_read_write": 60,
              "disk_size_gb": 20,
              "encryption_settings": [],
              "gallery_image_reference_id": "",
              "hyper_v_generation": "",
              "id": "/subscriptions/393e3de3-0900-4b72-8f1b-fb3b1d6b97f1/resourceGroups/cedricbrief12/providers/Microsoft.Compute/disks/datadisk_existing_0",
              "image_reference_id": "",
              "location": "francecentral",
              "logical_sector_size": null,
              "max_shares": 0,
              "name": "datadisk_existing_0",
              "network_access_policy": null,
              "on_demand_bursting_enabled": false,
              "os_type": "",
              "public_network_access_enabled": true,
              "resource_group_name": "cedricbrief12",
              "source_resource_id": "",
              "source_uri": "",
              "storage_account_id": "",
              "storage_account_type": "Standard_LRS",
              "tags": null,
              "tier": "",
              "timeouts": null,
              "trusted_launch_enabled": false,
              "zones": null
            },
            "sensitive_attributes": [],
            "private": "eyJlMmJmYjczMC1lY2FhLTExZTYtOGY4OC0zNDM2M2JjN2M0YzAiOnsiY3JlYXRlIjoxODAwMDAwMDAwMDAwLCJkZWxldGUiOjE4MDAwMDAwMDAwMDAsInJlYWQiOjMwMDAwMDAwMDAwMCwidXBkYXRlIjoxODAwMDAwMDAwMDAwfX0=",
            "dependencies": [
              "azurerm_resource_group.test"
            ]
          },
          {
            "index_key": 1,
            "schema_version": 0,
            "attributes": {
              "create_option": "Empty",
              "disk_access_id": "",
              "disk_encryption_set_id": "",
              "disk_iops_read_only": 0,
              "disk_iops_read_write": 500,
              "disk_mbps_read_only": 0,
              "disk_mbps_read_write": 60,
              "disk_size_gb": 20,
              "encryption_settings": [],
              "gallery_image_reference_id": "",
              "hyper_v_generation": "",
              "id": "/subscriptions/393e3de3-0900-4b72-8f1b-fb3b1d6b97f1/resourceGroups/cedricbrief12/providers/Microsoft.Compute/disks/datadisk_existing_1",
              "image_reference_id": "",
              "location": "francecentral",
              "logical_sector_size": null,
              "max_shares": 0,
              "name": "datadisk_existing_1",
              "network_access_policy": null,
              "on_demand_bursting_enabled": false,
              "os_type": "",
              "public_network_access_enabled": true,
              "resource_group_name": "cedricbrief12",
              "source_resource_id": "",
              "source_uri": "",
              "storage_account_id": "",
              "storage_account_type": "Standard_LRS",
              "tags": null,
              "tier": "",
              "timeouts": null,
              "trusted_launch_enabled": false,
              "zones": null
            },
            "sensitive_attributes": [],
            "private": "eyJlMmJmYjczMC1lY2FhLTExZTYtOGY4OC0zNDM2M2JjN2M0YzAiOnsiY3JlYXRlIjoxODAwMDAwMDAwMDAwLCJkZWxldGUiOjE4MDAwMDAwMDAwMDAsInJlYWQiOjMwMDAwMDAwMDAwMCwidXBkYXRlIjoxODAwMDAwMDAwMDAwfX0=",
            "dependencies": [
              "azurerm_resource_group.test"
            ]
          }
        ]
      },
      {
        "mode": "managed",
        "type": "azurerm_network_interface",
        "name": "test",
        "provider": "provider[\"registry.terraform.io/hashicorp/azurerm\"]",
        "instances": [
          {
            "index_key": 0,
            "schema_version": 0,
            "attributes": {
              "applied_dns_servers": [],
              "dns_servers": [],
              "enable_accelerated_networking": false,
              "enable_ip_forwarding": false,
              "id": "/subscriptions/393e3de3-0900-4b72-8f1b-fb3b1d6b97f1/resourceGroups/cedricbrief12/providers/Microsoft.Network/networkInterfaces/acctni0",
              "internal_dns_name_label": "",
              "internal_domain_name_suffix": "k4xrdmnrhkjuzik2rdvkyr0kjh.parx.internal.cloudapp.net",
              "ip_configuration": [
                {
                  "gateway_load_balancer_frontend_ip_configuration_id": "",
                  "name": "testConfiguration",
                  "primary": true,
                  "private_ip_address": "10.0.2.5",
                  "private_ip_address_allocation": "Dynamic",
                  "private_ip_address_version": "IPv4",
                  "public_ip_address_id": "",
                  "subnet_id": "/subscriptions/393e3de3-0900-4b72-8f1b-fb3b1d6b97f1/resourceGroups/cedricbrief12/providers/Microsoft.Network/virtualNetworks/acctvn/subnets/acctsub"
                }
              ],
              "location": "francecentral",
              "mac_address": "",
              "name": "acctni0",
              "private_ip_address": "10.0.2.5",
              "private_ip_addresses": [
                "10.0.2.5"
              ],
              "resource_group_name": "cedricbrief12",
              "tags": null,
              "timeouts": null,
              "virtual_machine_id": ""
            },
            "sensitive_attributes": [],
            "private": "eyJlMmJmYjczMC1lY2FhLTExZTYtOGY4OC0zNDM2M2JjN2M0YzAiOnsiY3JlYXRlIjoxODAwMDAwMDAwMDAwLCJkZWxldGUiOjE4MDAwMDAwMDAwMDAsInJlYWQiOjMwMDAwMDAwMDAwMCwidXBkYXRlIjoxODAwMDAwMDAwMDAwfX0=",
            "dependencies": [
              "azurerm_resource_group.test",
              "azurerm_subnet.test",
              "azurerm_virtual_network.test"
            ]
          },
          {
            "index_key": 1,
            "schema_version": 0,
            "attributes": {
              "applied_dns_servers": [],
              "dns_servers": [],
              "enable_accelerated_networking": false,
              "enable_ip_forwarding": false,
              "id": "/subscriptions/393e3de3-0900-4b72-8f1b-fb3b1d6b97f1/resourceGroups/cedricbrief12/providers/Microsoft.Network/networkInterfaces/acctni1",
              "internal_dns_name_label": "",
              "internal_domain_name_suffix": "k4xrdmnrhkjuzik2rdvkyr0kjh.parx.internal.cloudapp.net",
              "ip_configuration": [
                {
                  "gateway_load_balancer_frontend_ip_configuration_id": "",
                  "name": "testConfiguration",
                  "primary": true,
                  "private_ip_address": "10.0.2.4",
                  "private_ip_address_allocation": "Dynamic",
                  "private_ip_address_version": "IPv4",
                  "public_ip_address_id": "",
                  "subnet_id": "/subscriptions/393e3de3-0900-4b72-8f1b-fb3b1d6b97f1/resourceGroups/cedricbrief12/providers/Microsoft.Network/virtualNetworks/acctvn/subnets/acctsub"
                }
              ],
              "location": "francecentral",
              "mac_address": "",
              "name": "acctni1",
              "private_ip_address": "10.0.2.4",
              "private_ip_addresses": [
                "10.0.2.4"
              ],
              "resource_group_name": "cedricbrief12",
              "tags": null,
              "timeouts": null,
              "virtual_machine_id": ""
            },
            "sensitive_attributes": [],
            "private": "eyJlMmJmYjczMC1lY2FhLTExZTYtOGY4OC0zNDM2M2JjN2M0YzAiOnsiY3JlYXRlIjoxODAwMDAwMDAwMDAwLCJkZWxldGUiOjE4MDAwMDAwMDAwMDAsInJlYWQiOjMwMDAwMDAwMDAwMCwidXBkYXRlIjoxODAwMDAwMDAwMDAwfX0=",
            "dependencies": [
              "azurerm_resource_group.test",
              "azurerm_subnet.test",
              "azurerm_virtual_network.test"
            ]
          }
        ]
      },
      {
        "mode": "managed",
        "type": "azurerm_network_interface_backend_address_pool_association",
        "name": "test",
        "provider": "provider[\"registry.terraform.io/hashicorp/azurerm\"]",
        "instances": [
          {
            "index_key": 0,
            "schema_version": 0,
            "attributes": {
              "backend_address_pool_id": "/subscriptions/393e3de3-0900-4b72-8f1b-fb3b1d6b97f1/resourceGroups/cedricbrief12/providers/Microsoft.Network/loadBalancers/loadBalancer/backendAddressPools/BackEndAddressPool",
              "id": "/subscriptions/393e3de3-0900-4b72-8f1b-fb3b1d6b97f1/resourceGroups/cedricbrief12/providers/Microsoft.Network/networkInterfaces/acctni0/ipConfigurations/testConfiguration|/subscriptions/393e3de3-0900-4b72-8f1b-fb3b1d6b97f1/resourceGroups/cedricbrief12/providers/Microsoft.Network/loadBalancers/loadBalancer/backendAddressPools/BackEndAddressPool",
              "ip_configuration_name": "testConfiguration",
              "network_interface_id": "/subscriptions/393e3de3-0900-4b72-8f1b-fb3b1d6b97f1/resourceGroups/cedricbrief12/providers/Microsoft.Network/networkInterfaces/acctni0",
              "timeouts": null
            },
            "sensitive_attributes": [],
            "private": "eyJlMmJmYjczMC1lY2FhLTExZTYtOGY4OC0zNDM2M2JjN2M0YzAiOnsiY3JlYXRlIjoxODAwMDAwMDAwMDAwLCJkZWxldGUiOjE4MDAwMDAwMDAwMDAsInJlYWQiOjMwMDAwMDAwMDAwMCwidXBkYXRlIjoxODAwMDAwMDAwMDAwfX0=",
            "dependencies": [
              "azurerm_lb.test",
              "azurerm_lb_backend_address_pool.test",
              "azurerm_network_interface.test",
              "azurerm_public_ip.test",
              "azurerm_resource_group.test",
              "azurerm_subnet.test",
              "azurerm_virtual_network.test"
            ]
          },
          {
            "index_key": 1,
            "schema_version": 0,
            "attributes": {
              "backend_address_pool_id": "/subscriptions/393e3de3-0900-4b72-8f1b-fb3b1d6b97f1/resourceGroups/cedricbrief12/providers/Microsoft.Network/loadBalancers/loadBalancer/backendAddressPools/BackEndAddressPool",
              "id": "/subscriptions/393e3de3-0900-4b72-8f1b-fb3b1d6b97f1/resourceGroups/cedricbrief12/providers/Microsoft.Network/networkInterfaces/acctni1/ipConfigurations/testConfiguration|/subscriptions/393e3de3-0900-4b72-8f1b-fb3b1d6b97f1/resourceGroups/cedricbrief12/providers/Microsoft.Network/loadBalancers/loadBalancer/backendAddressPools/BackEndAddressPool",
              "ip_configuration_name": "testConfiguration",
              "network_interface_id": "/subscriptions/393e3de3-0900-4b72-8f1b-fb3b1d6b97f1/resourceGroups/cedricbrief12/providers/Microsoft.Network/networkInterfaces/acctni1",
              "timeouts": null
            },
            "sensitive_attributes": [],
            "private": "eyJlMmJmYjczMC1lY2FhLTExZTYtOGY4OC0zNDM2M2JjN2M0YzAiOnsiY3JlYXRlIjoxODAwMDAwMDAwMDAwLCJkZWxldGUiOjE4MDAwMDAwMDAwMDAsInJlYWQiOjMwMDAwMDAwMDAwMCwidXBkYXRlIjoxODAwMDAwMDAwMDAwfX0=",
            "dependencies": [
              "azurerm_lb.test",
              "azurerm_lb_backend_address_pool.test",
              "azurerm_network_interface.test",
              "azurerm_public_ip.test",
              "azurerm_resource_group.test",
              "azurerm_subnet.test",
              "azurerm_virtual_network.test"
            ]
          }
        ]
      },
      {
        "mode": "managed",
        "type": "azurerm_public_ip",
        "name": "test",
        "provider": "provider[\"registry.terraform.io/hashicorp/azurerm\"]",
        "instances": [
          {
            "schema_version": 0,
            "attributes": {
              "allocation_method": "Static",
              "availability_zone": "No-Zone",
              "domain_name_label": null,
              "fqdn": null,
              "id": "/subscriptions/393e3de3-0900-4b72-8f1b-fb3b1d6b97f1/resourceGroups/cedricbrief12/providers/Microsoft.Network/publicIPAddresses/publicIPForLB",
              "idle_timeout_in_minutes": 4,
              "ip_address": "51.103.21.246",
              "ip_tags": null,
              "ip_version": "IPv4",
              "location": "francecentral",
              "name": "publicIPForLB",
              "public_ip_prefix_id": null,
              "resource_group_name": "cedricbrief12",
              "reverse_fqdn": null,
              "sku": "Basic",
              "sku_tier": "Regional",
              "tags": null,
              "timeouts": null,
              "zones": []
            },
            "sensitive_attributes": [],
            "private": "eyJlMmJmYjczMC1lY2FhLTExZTYtOGY4OC0zNDM2M2JjN2M0YzAiOnsiY3JlYXRlIjoxODAwMDAwMDAwMDAwLCJkZWxldGUiOjE4MDAwMDAwMDAwMDAsInJlYWQiOjMwMDAwMDAwMDAwMCwidXBkYXRlIjoxODAwMDAwMDAwMDAwfX0=",
            "dependencies": [
              "azurerm_resource_group.test"
            ]
          }
        ]
      },
      {
        "mode": "managed",
        "type": "azurerm_resource_group",
        "name": "test",
        "provider": "provider[\"registry.terraform.io/hashicorp/azurerm\"]",
        "instances": [
          {
            "schema_version": 0,
            "attributes": {
              "id": "/subscriptions/393e3de3-0900-4b72-8f1b-fb3b1d6b97f1/resourceGroups/cedricbrief12",
              "location": "francecentral",
              "name": "cedricbrief12",
              "tags": {},
              "timeouts": null
            },
            "sensitive_attributes": [],
            "private": "eyJlMmJmYjczMC1lY2FhLTExZTYtOGY4OC0zNDM2M2JjN2M0YzAiOnsiY3JlYXRlIjo1NDAwMDAwMDAwMDAwLCJkZWxldGUiOjU0MDAwMDAwMDAwMDAsInJlYWQiOjMwMDAwMDAwMDAwMCwidXBkYXRlIjo1NDAwMDAwMDAwMDAwfX0="
          }
        ]
      },
      {
        "mode": "managed",
        "type": "azurerm_subnet",
        "name": "test",
        "provider": "provider[\"registry.terraform.io/hashicorp/azurerm\"]",
        "instances": [
          {
            "schema_version": 0,
            "attributes": {
              "address_prefix": "10.0.2.0/24",
              "address_prefixes": [
                "10.0.2.0/24"
              ],
              "delegation": [],
              "enforce_private_link_endpoint_network_policies": false,
              "enforce_private_link_service_network_policies": false,
              "id": "/subscriptions/393e3de3-0900-4b72-8f1b-fb3b1d6b97f1/resourceGroups/cedricbrief12/providers/Microsoft.Network/virtualNetworks/acctvn/subnets/acctsub",
              "name": "acctsub",
              "resource_group_name": "cedricbrief12",
              "service_endpoint_policy_ids": null,
              "service_endpoints": null,
              "timeouts": null,
              "virtual_network_name": "acctvn"
            },
            "sensitive_attributes": [],
            "private": "eyJlMmJmYjczMC1lY2FhLTExZTYtOGY4OC0zNDM2M2JjN2M0YzAiOnsiY3JlYXRlIjoxODAwMDAwMDAwMDAwLCJkZWxldGUiOjE4MDAwMDAwMDAwMDAsInJlYWQiOjMwMDAwMDAwMDAwMCwidXBkYXRlIjoxODAwMDAwMDAwMDAwfX0=",
            "dependencies": [
              "azurerm_resource_group.test",
              "azurerm_virtual_network.test"
            ]
          }
        ]
      },
      {
        "mode": "managed",
        "type": "azurerm_virtual_machine",
        "name": "test",
        "provider": "provider[\"registry.terraform.io/hashicorp/azurerm\"]",
        "instances": [
          {
            "index_key": 0,
            "schema_version": 0,
            "attributes": {
              "additional_capabilities": [],
              "availability_set_id": "/subscriptions/393e3de3-0900-4b72-8f1b-fb3b1d6b97f1/resourcegroups/cedricbrief12/providers/microsoft.compute/availabilitysets/avset",
              "boot_diagnostics": [],
              "delete_data_disks_on_termination": true,
              "delete_os_disk_on_termination": true,
              "id": "/subscriptions/393e3de3-0900-4b72-8f1b-fb3b1d6b97f1/resourceGroups/cedricbrief12/providers/Microsoft.Compute/virtualMachines/acctvm0",
              "identity": [],
              "license_type": null,
              "location": "francecentral",
              "name": "acctvm0",
              "network_interface_ids": [
                "/subscriptions/393e3de3-0900-4b72-8f1b-fb3b1d6b97f1/resourceGroups/cedricbrief12/providers/Microsoft.Network/networkInterfaces/acctni0"
              ],
              "os_profile": [
                {
                  "admin_password": "",
                  "admin_username": "testadmin",
                  "computer_name": "hostname",
                  "custom_data": ""
                }
              ],
              "os_profile_linux_config": [
                {
                  "disable_password_authentication": false,
                  "ssh_keys": []
                }
              ],
              "os_profile_secrets": [],
              "os_profile_windows_config": [],
              "plan": [],
              "primary_network_interface_id": null,
              "proximity_placement_group_id": null,
              "resource_group_name": "cedricbrief12",
              "storage_data_disk": [
                {
                  "caching": "None",
                  "create_option": "Attach",
                  "disk_size_gb": 20,
                  "lun": 1,
                  "managed_disk_id": "/subscriptions/393e3de3-0900-4b72-8f1b-fb3b1d6b97f1/resourceGroups/cedricbrief12/providers/Microsoft.Compute/disks/datadisk_existing_0",
                  "managed_disk_type": "Standard_LRS",
                  "name": "datadisk_existing_0",
                  "vhd_uri": "",
                  "write_accelerator_enabled": false
                }
              ],
              "storage_image_reference": [
                {
                  "id": "",
                  "offer": "UbuntuServer",
                  "publisher": "Canonical",
                  "sku": "16.04-LTS",
                  "version": "latest"
                }
              ],
              "storage_os_disk": [
                {
                  "caching": "ReadWrite",
                  "create_option": "FromImage",
                  "disk_size_gb": 30,
                  "image_uri": "",
                  "managed_disk_id": "/subscriptions/393e3de3-0900-4b72-8f1b-fb3b1d6b97f1/resourceGroups/cedricbrief12/providers/Microsoft.Compute/disks/myosdisk0",
                  "managed_disk_type": "Standard_LRS",
                  "name": "myosdisk0",
                  "os_type": "Linux",
                  "vhd_uri": "",
                  "write_accelerator_enabled": false
                }
              ],
              "tags": {
                "environment": "staging"
              },
              "timeouts": null,
              "vm_size": "Standard_DS1_v2",
              "zones": null
            },
            "sensitive_attributes": [],
            "private": "eyJlMmJmYjczMC1lY2FhLTExZTYtOGY4OC0zNDM2M2JjN2M0YzAiOnsiY3JlYXRlIjozNjAwMDAwMDAwMDAwLCJkZWxldGUiOjM2MDAwMDAwMDAwMDAsInJlYWQiOjMwMDAwMDAwMDAwMCwidXBkYXRlIjozNjAwMDAwMDAwMDAwfX0=",
            "dependencies": [
              "azurerm_availability_set.avset",
              "azurerm_managed_disk.test",
              "azurerm_network_interface.test",
              "azurerm_resource_group.test",
              "azurerm_subnet.test",
              "azurerm_virtual_network.test"
            ]
          },
          {
            "index_key": 1,
            "schema_version": 0,
            "attributes": {
              "additional_capabilities": [],
              "availability_set_id": "/subscriptions/393e3de3-0900-4b72-8f1b-fb3b1d6b97f1/resourcegroups/cedricbrief12/providers/microsoft.compute/availabilitysets/avset",
              "boot_diagnostics": [],
              "delete_data_disks_on_termination": true,
              "delete_os_disk_on_termination": true,
              "id": "/subscriptions/393e3de3-0900-4b72-8f1b-fb3b1d6b97f1/resourceGroups/cedricbrief12/providers/Microsoft.Compute/virtualMachines/acctvm1",
              "identity": [],
              "license_type": null,
              "location": "francecentral",
              "name": "acctvm1",
              "network_interface_ids": [
                "/subscriptions/393e3de3-0900-4b72-8f1b-fb3b1d6b97f1/resourceGroups/cedricbrief12/providers/Microsoft.Network/networkInterfaces/acctni1"
              ],
              "os_profile": [
                {
                  "admin_password": "",
                  "admin_username": "testadmin",
                  "computer_name": "hostname",
                  "custom_data": ""
                }
              ],
              "os_profile_linux_config": [
                {
                  "disable_password_authentication": false,
                  "ssh_keys": []
                }
              ],
              "os_profile_secrets": [],
              "os_profile_windows_config": [],
              "plan": [],
              "primary_network_interface_id": null,
              "proximity_placement_group_id": null,
              "resource_group_name": "cedricbrief12",
              "storage_data_disk": [
                {
                  "caching": "None",
                  "create_option": "Attach",
                  "disk_size_gb": 20,
                  "lun": 1,
                  "managed_disk_id": "/subscriptions/393e3de3-0900-4b72-8f1b-fb3b1d6b97f1/resourceGroups/cedricbrief12/providers/Microsoft.Compute/disks/datadisk_existing_1",
                  "managed_disk_type": "Standard_LRS",
                  "name": "datadisk_existing_1",
                  "vhd_uri": "",
                  "write_accelerator_enabled": false
                }
              ],
              "storage_image_reference": [
                {
                  "id": "",
                  "offer": "UbuntuServer",
                  "publisher": "Canonical",
                  "sku": "16.04-LTS",
                  "version": "latest"
                }
              ],
              "storage_os_disk": [
                {
                  "caching": "ReadWrite",
                  "create_option": "FromImage",
                  "disk_size_gb": 30,
                  "image_uri": "",
                  "managed_disk_id": "/subscriptions/393e3de3-0900-4b72-8f1b-fb3b1d6b97f1/resourceGroups/cedricbrief12/providers/Microsoft.Compute/disks/myosdisk1",
                  "managed_disk_type": "Standard_LRS",
                  "name": "myosdisk1",
                  "os_type": "Linux",
                  "vhd_uri": "",
                  "write_accelerator_enabled": false
                }
              ],
              "tags": {
                "environment": "staging"
              },
              "timeouts": null,
              "vm_size": "Standard_DS1_v2",
              "zones": null
            },
            "sensitive_attributes": [],
            "private": "eyJlMmJmYjczMC1lY2FhLTExZTYtOGY4OC0zNDM2M2JjN2M0YzAiOnsiY3JlYXRlIjozNjAwMDAwMDAwMDAwLCJkZWxldGUiOjM2MDAwMDAwMDAwMDAsInJlYWQiOjMwMDAwMDAwMDAwMCwidXBkYXRlIjozNjAwMDAwMDAwMDAwfX0=",
            "dependencies": [
              "azurerm_availability_set.avset",
              "azurerm_managed_disk.test",
              "azurerm_network_interface.test",
              "azurerm_resource_group.test",
              "azurerm_subnet.test",
              "azurerm_virtual_network.test"
            ]
          }
        ]
      },
      {
        "mode": "managed",
        "type": "azurerm_virtual_network",
        "name": "test",
        "provider": "provider[\"registry.terraform.io/hashicorp/azurerm\"]",
        "instances": [
          {
            "schema_version": 0,
            "attributes": {
              "address_space": [
                "10.0.0.0/16"
              ],
              "bgp_community": "",
              "ddos_protection_plan": [],
              "dns_servers": [],
              "flow_timeout_in_minutes": 0,
              "guid": "b111af57-3ab1-4c93-a15c-88eaac474a4f",
              "id": "/subscriptions/393e3de3-0900-4b72-8f1b-fb3b1d6b97f1/resourceGroups/cedricbrief12/providers/Microsoft.Network/virtualNetworks/acctvn",
              "location": "francecentral",
              "name": "acctvn",
              "resource_group_name": "cedricbrief12",
              "subnet": [],
              "tags": null,
              "timeouts": null,
              "vm_protection_enabled": false
            },
            "sensitive_attributes": [],
            "private": "eyJlMmJmYjczMC1lY2FhLTExZTYtOGY4OC0zNDM2M2JjN2M0YzAiOnsiY3JlYXRlIjoxODAwMDAwMDAwMDAwLCJkZWxldGUiOjE4MDAwMDAwMDAwMDAsInJlYWQiOjMwMDAwMDAwMDAwMCwidXBkYXRlIjoxODAwMDAwMDAwMDAwfX0=",
            "dependencies": [
              "azurerm_resource_group.test"
            ]
          }
        ]
      }
    ],
    "check_results": null
  }  